
Microsoft Visual Studio Solution File, Format Version 12.00
# Visual Studio Version 16
VisualStudioVersion = 16.0.32002.261
MinimumVisualStudioVersion = 10.0.40219.1
Project("{FAE04EC0-301F-11D3-BF4B-00C04F79EFBC}") = "GeekBurger.Products", "GeekBurger.Products.csproj", "{6A00842B-BDD1-42E6-8E66-B623C3659B73}"
EndProject
Project("{FAE04EC0-301F-11D3-BF4B-00C04F79EFBC}") = "GeekBurger.Products.Contract", "..\GeekBurger.Products.Contract\GeekBurger.Products.Contract.csproj", "{7F06C5A4-6F41-4B95-9096-B23C328D3CE4}"
EndProject
Project("{FAE04EC0-301F-11D3-BF4B-00C04F79EFBC}") = "GeekBurger.Products.Bus", "..\GeekBurger.Products.Bus\GeekBurger.Products.Bus.csproj", "{15E52426-8798-4C0D-9238-4A1190503EB0}"
EndProject
Global
	GlobalSection(SolutionConfigurationPlatforms) = preSolution
		Debug|Any CPU = Debug|Any CPU
		Release|Any CPU = Release|Any CPU
	EndGlobalSection
	GlobalSection(ProjectConfigurationPlatforms) = postSolution
		{6A00842B-BDD1-42E6-8E66-B623C3659B73}.Debug|Any CPU.ActiveCfg = Debug|Any CPU
		{6A00842B-BDD1-42E6-8E66-B623C3659B73}.Debug|Any CPU.Build.0 = Debug|Any CPU
		{6A00842B-BDD1-42E6-8E66-B623C3659B73}.Release|Any CPU.ActiveCfg = Release|Any CPU
		{6A00842B-BDD1-42E6-8E66-B623C3659B73}.Release|Any CPU.Build.0 = Release|Any CPU
		{7F06C5A4-6F41-4B95-9096-B23C328D3CE4}.Debug|Any CPU.ActiveCfg = Debug|Any CPU
		{7F06C5A4-6F41-4B95-9096-B23C328D3CE4}.Debug|Any CPU.Build.0 = Debug|Any CPU
		{7F06C5A4-6F41-4B95-9096-B23C328D3CE4}.Release|Any CPU.ActiveCfg = Release|Any CPU
		{7F06C5A4-6F41-4B95-9096-B23C328D3CE4}.Release|Any CPU.Build.0 = Release|Any CPU
		{15E52426-8798-4C0D-9238-4A1190503EB0}.Debug|Any CPU.ActiveCfg = Debug|Any CPU
		{15E52426-8798-4C0D-9238-4A1190503EB0}.Debug|Any CPU.Build.0 = Debug|Any CPU
		{15E52426-8798-4C0D-9238-4A1190503EB0}.Release|Any CPU.ActiveCfg = Release|Any CPU
		{15E52426-8798-4C0D-9238-4A1190503EB0}.Release|Any CPU.Build.0 = Release|Any CPU
	EndGlobalSection
	GlobalSection(SolutionProperties) = preSolution
		HideSolutionNode = FALSE
	EndGlobalSection
	GlobalSection(ExtensibilityGlobals) = postSolution
		SolutionGuid = {693F9835-0189-4CAF-A122-7EA31553B5DD}
	EndGlobalSection
EndGlobal
