
Microsoft Visual Studio Solution File, Format Version 12.00
# Visual Studio Version 16
VisualStudioVersion = 16.0.32002.261
MinimumVisualStudioVersion = 10.0.40219.1
Project("{9A19103F-16F7-4668-BE54-9A1E7A4F7556}") = "GeekBurger.Products", "GeekBurger.Products.csproj", "{6A00842B-BDD1-42E6-8E66-B623C3659B73}"
EndProject
Project("{9A19103F-16F7-4668-BE54-9A1E7A4F7556}") = "GeekBurger.Products.Bus", "GeekBurger.Products.Bus\GeekBurger.Products.Bus.csproj", "{8DAC7592-46D0-4BBB-905D-BCE7A0E9A313}"
EndProject
Project("{9A19103F-16F7-4668-BE54-9A1E7A4F7556}") = "GeekBurger.Products.Contract", "GeekBurger.Products.Contract\GeekBurger.Products.Contract.csproj", "{C001C57C-7595-4BD2-A131-22AFF10C7F9C}"
EndProject
Global
	GlobalSection(SolutionConfigurationPlatforms) = preSolution
		Debug|Any CPU = Debug|Any CPU
		Release|Any CPU = Release|Any CPU
	EndGlobalSection
	GlobalSection(ProjectConfigurationPlatforms) = postSolution
		{6A00842B-BDD1-42E6-8E66-B623C3659B73}.Debug|Any CPU.ActiveCfg = Debug|Any CPU
		{6A00842B-BDD1-42E6-8E66-B623C3659B73}.Debug|Any CPU.Build.0 = Debug|Any CPU
		{6A00842B-BDD1-42E6-8E66-B623C3659B73}.Release|Any CPU.ActiveCfg = Release|Any CPU
		{6A00842B-BDD1-42E6-8E66-B623C3659B73}.Release|Any CPU.Build.0 = Release|Any CPU
		{8DAC7592-46D0-4BBB-905D-BCE7A0E9A313}.Debug|Any CPU.ActiveCfg = Debug|Any CPU
		{8DAC7592-46D0-4BBB-905D-BCE7A0E9A313}.Debug|Any CPU.Build.0 = Debug|Any CPU
		{8DAC7592-46D0-4BBB-905D-BCE7A0E9A313}.Release|Any CPU.ActiveCfg = Release|Any CPU
		{8DAC7592-46D0-4BBB-905D-BCE7A0E9A313}.Release|Any CPU.Build.0 = Release|Any CPU
		{C001C57C-7595-4BD2-A131-22AFF10C7F9C}.Debug|Any CPU.ActiveCfg = Debug|Any CPU
		{C001C57C-7595-4BD2-A131-22AFF10C7F9C}.Debug|Any CPU.Build.0 = Debug|Any CPU
		{C001C57C-7595-4BD2-A131-22AFF10C7F9C}.Release|Any CPU.ActiveCfg = Release|Any CPU
		{C001C57C-7595-4BD2-A131-22AFF10C7F9C}.Release|Any CPU.Build.0 = Release|Any CPU
	EndGlobalSection
	GlobalSection(SolutionProperties) = preSolution
		HideSolutionNode = FALSE
	EndGlobalSection
	GlobalSection(ExtensibilityGlobals) = postSolution
		SolutionGuid = {693F9835-0189-4CAF-A122-7EA31553B5DD}
	EndGlobalSection
EndGlobal
